// !$*UTF8*$!
{
	archiveVersion = 1;
	classes = {
	};
	objectVersion = 77;
	objects = {

/* Begin PBXBuildFile section */
		06310BCA2E9EB80E001338C1 /* SC40-V4-W Watch App.app in Embed Watch Content */ = {isa = PBXBuildFile; fileRef = 06310BC02E9EB80E001338C1 /* SC40-V4-W Watch App.app */; settings = {ATTRIBUTES = (RemoveHeadersOnCopy, ); }; };
		06310BD62E9EB838001338C1 /* Intents.framework in Frameworks */ = {isa = PBXBuildFile; fileRef = 06310BD52E9EB838001338C1 /* Intents.framework */; };
		06310BDD2E9EB838001338C1 /* SC40-V4-E.appex in Embed Foundation Extensions */ = {isa = PBXBuildFile; fileRef = 06310BD32E9EB838001338C1 /* SC40-V4-E.appex */; settings = {ATTRIBUTES = (RemoveHeadersOnCopy, ); }; };
		06310BEE2E9EB854001338C1 /* SC40-V4-N.appex in Embed Foundation Extensions */ = {isa = PBXBuildFile; fileRef = 06310BE72E9EB854001338C1 /* SC40-V4-N.appex */; settings = {ATTRIBUTES = (RemoveHeadersOnCopy, ); }; };
/* End PBXBuildFile section */

/* Begin PBXContainerItemProxy section */
		06310BC82E9EB80E001338C1 /* PBXContainerItemProxy */ = {
			isa = PBXContainerItemProxy;
			containerPortal = 06310BA62E9EB7E1001338C1 /* Project object */;
			proxyType = 1;
			remoteGlobalIDString = 06310BBF2E9EB80E001338C1;
			remoteInfo = "SC40-V4-W Watch App";
		};
		06310BDB2E9EB838001338C1 /* PBXContainerItemProxy */ = {
			isa = PBXContainerItemProxy;
			containerPortal = 06310BA62E9EB7E1001338C1 /* Project object */;
			proxyType = 1;
			remoteGlobalIDString = 06310BD22E9EB838001338C1;
			remoteInfo = "SC40-V4-E";
		};
		06310BEC2E9EB854001338C1 /* PBXContainerItemProxy */ = {
			isa = PBXContainerItemProxy;
			containerPortal = 06310BA62E9EB7E1001338C1 /* Project object */;
			proxyType = 1;
			remoteGlobalIDString = 06310BE62E9EB854001338C1;
			remoteInfo = "SC40-V4-N";
		};
/* End PBXContainerItemProxy section */

/* Begin PBXCopyFilesBuildPhase section */
		06310BCE2E9EB80E001338C1 /* Embed Watch Content */ = {
			isa = PBXCopyFilesBuildPhase;
			buildActionMask = 2147483647;
			dstPath = "$(CONTENTS_FOLDER_PATH)/Watch";
			dstSubfolderSpec = 16;
			files = (
				06310BCA2E9EB80E001338C1 /* SC40-V4-W Watch App.app in Embed Watch Content */,
			);
			name = "Embed Watch Content";
			runOnlyForDeploymentPostprocessing = 0;
		};
		06310BE22E9EB838001338C1 /* Embed Foundation Extensions */ = {
			isa = PBXCopyFilesBuildPhase;
			buildActionMask = 2147483647;
			dstPath = "";
			dstSubfolderSpec = 13;
			files = (
				06310BDD2E9EB838001338C1 /* SC40-V4-E.appex in Embed Foundation Extensions */,
				06310BEE2E9EB854001338C1 /* SC40-V4-N.appex in Embed Foundation Extensions */,
			);
			name = "Embed Foundation Extensions";
			runOnlyForDeploymentPostprocessing = 0;
		};
/* End PBXCopyFilesBuildPhase section */

/* Begin PBXFileReference section */
		06310BAE2E9EB7E1001338C1 /* SC40-V4.app */ = {isa = PBXFileReference; explicitFileType = wrapper.application; includeInIndex = 0; path = "SC40-V4.app"; sourceTree = BUILT_PRODUCTS_DIR; };
		06310BC02E9EB80E001338C1 /* SC40-V4-W Watch App.app */ = {isa = PBXFileReference; explicitFileType = wrapper.application; includeInIndex = 0; path = "SC40-V4-W Watch App.app"; sourceTree = BUILT_PRODUCTS_DIR; };
		06310BD32E9EB838001338C1 /* SC40-V4-E.appex */ = {isa = PBXFileReference; explicitFileType = "wrapper.app-extension"; includeInIndex = 0; path = "SC40-V4-E.appex"; sourceTree = BUILT_PRODUCTS_DIR; };
		06310BD52E9EB838001338C1 /* Intents.framework */ = {isa = PBXFileReference; lastKnownFileType = wrapper.framework; name = Intents.framework; path = System/Library/Frameworks/Intents.framework; sourceTree = SDKROOT; };
		06310BE72E9EB854001338C1 /* SC40-V4-N.appex */ = {isa = PBXFileReference; explicitFileType = "wrapper.app-extension"; includeInIndex = 0; path = "SC40-V4-N.appex"; sourceTree = BUILT_PRODUCTS_DIR; };
/* End PBXFileReference section */

/* Begin PBXFileSystemSynchronizedBuildFileExceptionSet section */
		06310BDE2E9EB838001338C1 /* Exceptions for "SC40-V4-E" folder in "SC40-V4-E" target */ = {
			isa = PBXFileSystemSynchronizedBuildFileExceptionSet;
			membershipExceptions = (
				Info.plist,
			);
			target = 06310BD22E9EB838001338C1 /* SC40-V4-E */;
		};
		06310BEF2E9EB854001338C1 /* Exceptions for "SC40-V4-N" folder in "SC40-V4-N" target */ = {
			isa = PBXFileSystemSynchronizedBuildFileExceptionSet;
			membershipExceptions = (
				Info.plist,
			);
			target = 06310BE62E9EB854001338C1 /* SC40-V4-N */;
		};
/* End PBXFileSystemSynchronizedBuildFileExceptionSet section */

/* Begin PBXFileSystemSynchronizedRootGroup section */
		06310BB02E9EB7E1001338C1 /* SC40-V4 */ = {
			isa = PBXFileSystemSynchronizedRootGroup;
			path = "SC40-V4";
			sourceTree = "<group>";
		};
		06310BC12E9EB80E001338C1 /* SC40-V4-W Watch App */ = {
			isa = PBXFileSystemSynchronizedRootGroup;
			path = "SC40-V4-W Watch App";
			sourceTree = "<group>";
		};
		06310BD72E9EB838001338C1 /* SC40-V4-E */ = {
			isa = PBXFileSystemSynchronizedRootGroup;
			exceptions = (
				06310BDE2E9EB838001338C1 /* Exceptions for "SC40-V4-E" folder in "SC40-V4-E" target */,
			);
			path = "SC40-V4-E";
			sourceTree = "<group>";
		};
		06310BE82E9EB854001338C1 /* SC40-V4-N */ = {
			isa = PBXFileSystemSynchronizedRootGroup;
			exceptions = (
				06310BEF2E9EB854001338C1 /* Exceptions for "SC40-V4-N" folder in "SC40-V4-N" target */,
			);
			path = "SC40-V4-N";
			sourceTree = "<group>";
		};
/* End PBXFileSystemSynchronizedRootGroup section */

/* Begin PBXFrameworksBuildPhase section */
		06310BAB2E9EB7E1001338C1 /* Frameworks */ = {
			isa = PBXFrameworksBuildPhase;
			buildActionMask = 2147483647;
			files = (
			);
			runOnlyForDeploymentPostprocessing = 0;
		};
		06310BBD2E9EB80E001338C1 /* Frameworks */ = {
			isa = PBXFrameworksBuildPhase;
			buildActionMask = 2147483647;
			files = (
			);
			runOnlyForDeploymentPostprocessing = 0;
		};
		06310BD02E9EB838001338C1 /* Frameworks */ = {
			isa = PBXFrameworksBuildPhase;
			buildActionMask = 2147483647;
			files = (
				06310BD62E9EB838001338C1 /* Intents.framework in Frameworks */,
			);
			runOnlyForDeploymentPostprocessing = 0;
		};
		06310BE42E9EB854001338C1 /* Frameworks */ = {
			isa = PBXFrameworksBuildPhase;
			buildActionMask = 2147483647;
			files = (
			);
			runOnlyForDeploymentPostprocessing = 0;
		};
/* End PBXFrameworksBuildPhase section */

/* Begin PBXGroup section */
		06310BA52E9EB7E1001338C1 = {
			isa = PBXGroup;
			children = (
				06310BB02E9EB7E1001338C1 /* SC40-V4 */,
				06310BC12E9EB80E001338C1 /* SC40-V4-W Watch App */,
				06310BD72E9EB838001338C1 /* SC40-V4-E */,
				06310BE82E9EB854001338C1 /* SC40-V4-N */,
				06310BD42E9EB838001338C1 /* Frameworks */,
				06310BAF2E9EB7E1001338C1 /* Products */,
			);
			sourceTree = "<group>";
		};
		06310BAF2E9EB7E1001338C1 /* Products */ = {
			isa = PBXGroup;
			children = (
				06310BAE2E9EB7E1001338C1 /* SC40-V4.app */,
				06310BC02E9EB80E001338C1 /* SC40-V4-W Watch App.app */,
				06310BD32E9EB838001338C1 /* SC40-V4-E.appex */,
				06310BE72E9EB854001338C1 /* SC40-V4-N.appex */,
			);
			name = Products;
			sourceTree = "<group>";
		};
		06310BD42E9EB838001338C1 /* Frameworks */ = {
			isa = PBXGroup;
			children = (
				06310BD52E9EB838001338C1 /* Intents.framework */,
			);
			name = Frameworks;
			sourceTree = "<group>";
		};
/* End PBXGroup section */

/* Begin PBXNativeTarget section */
		06310BAD2E9EB7E1001338C1 /* SC40-V4 */ = {
			isa = PBXNativeTarget;
			buildConfigurationList = 06310BB92E9EB7E2001338C1 /* Build configuration list for PBXNativeTarget "SC40-V4" */;
			buildPhases = (
				06310BAA2E9EB7E1001338C1 /* Sources */,
				06310BAB2E9EB7E1001338C1 /* Frameworks */,
				06310BAC2E9EB7E1001338C1 /* Resources */,
				06310BCE2E9EB80E001338C1 /* Embed Watch Content */,
			);
			buildRules = (
			);
			dependencies = (
				06310BC92E9EB80E001338C1 /* PBXTargetDependency */,
			);
			fileSystemSynchronizedGroups = (
				06310BB02E9EB7E1001338C1 /* SC40-V4 */,
			);
			name = "SC40-V4";
			packageProductDependencies = (
			);
			productName = "SC40-V4";
			productReference = 06310BAE2E9EB7E1001338C1 /* SC40-V4.app */;
			productType = "com.apple.product-type.application";
		};
		06310BBF2E9EB80E001338C1 /* SC40-V4-W Watch App */ = {
			isa = PBXNativeTarget;
			buildConfigurationList = 06310BCB2E9EB80E001338C1 /* Build configuration list for PBXNativeTarget "SC40-V4-W Watch App" */;
			buildPhases = (
				06310BBC2E9EB80E001338C1 /* Sources */,
				06310BBD2E9EB80E001338C1 /* Frameworks */,
				06310BBE2E9EB80E001338C1 /* Resources */,
				06310BE22E9EB838001338C1 /* Embed Foundation Extensions */,
			);
			buildRules = (
			);
			dependencies = (
				06310BDC2E9EB838001338C1 /* PBXTargetDependency */,
				06310BED2E9EB854001338C1 /* PBXTargetDependency */,
			);
			fileSystemSynchronizedGroups = (
				06310BC12E9EB80E001338C1 /* SC40-V4-W Watch App */,
			);
			name = "SC40-V4-W Watch App";
			packageProductDependencies = (
			);
			productName = "SC40-V4-W Watch App";
			productReference = 06310BC02E9EB80E001338C1 /* SC40-V4-W Watch App.app */;
			productType = "com.apple.product-type.application";
		};
		06310BD22E9EB838001338C1 /* SC40-V4-E */ = {
			isa = PBXNativeTarget;
			buildConfigurationList = 06310BDF2E9EB838001338C1 /* Build configuration list for PBXNativeTarget "SC40-V4-E" */;
			buildPhases = (
				06310BCF2E9EB838001338C1 /* Sources */,
				06310BD02E9EB838001338C1 /* Frameworks */,
				06310BD12E9EB838001338C1 /* Resources */,
			);
			buildRules = (
			);
			dependencies = (
			);
			fileSystemSynchronizedGroups = (
				06310BD72E9EB838001338C1 /* SC40-V4-E */,
			);
			name = "SC40-V4-E";
			packageProductDependencies = (
			);
			productName = "SC40-V4-E";
			productReference = 06310BD32E9EB838001338C1 /* SC40-V4-E.appex */;
			productType = "com.apple.product-type.app-extension";
		};
		06310BE62E9EB854001338C1 /* SC40-V4-N */ = {
			isa = PBXNativeTarget;
			buildConfigurationList = 06310BF02E9EB854001338C1 /* Build configuration list for PBXNativeTarget "SC40-V4-N" */;
			buildPhases = (
				06310BE32E9EB854001338C1 /* Sources */,
				06310BE42E9EB854001338C1 /* Frameworks */,
				06310BE52E9EB854001338C1 /* Resources */,
			);
			buildRules = (
			);
			dependencies = (
			);
			fileSystemSynchronizedGroups = (
				06310BE82E9EB854001338C1 /* SC40-V4-N */,
			);
			name = "SC40-V4-N";
			packageProductDependencies = (
			);
			productName = "SC40-V4-N";
			productReference = 06310BE72E9EB854001338C1 /* SC40-V4-N.appex */;
			productType = "com.apple.product-type.app-extension";
		};
/* End PBXNativeTarget section */

/* Begin PBXProject section */
		06310BA62E9EB7E1001338C1 /* Project object */ = {
			isa = PBXProject;
			attributes = {
				BuildIndependentTargetsInParallel = 1;
				LastSwiftUpdateCheck = 2600;
				LastUpgradeCheck = 2600;
				TargetAttributes = {
					06310BAD2E9EB7E1001338C1 = {
						CreatedOnToolsVersion = 26.0.1;
					};
					06310BBF2E9EB80E001338C1 = {
						CreatedOnToolsVersion = 26.0.1;
					};
					06310BD22E9EB838001338C1 = {
						CreatedOnToolsVersion = 26.0.1;
					};
					06310BE62E9EB854001338C1 = {
						CreatedOnToolsVersion = 26.0.1;
					};
				};
			};
			buildConfigurationList = 06310BA92E9EB7E1001338C1 /* Build configuration list for PBXProject "SC40-V4" */;
			developmentRegion = en;
			hasScannedForEncodings = 0;
			knownRegions = (
				en,
				Base,
			);
			mainGroup = 06310BA52E9EB7E1001338C1;
			minimizedProjectReferenceProxies = 1;
			preferredProjectObjectVersion = 77;
			productRefGroup = 06310BAF2E9EB7E1001338C1 /* Products */;
			projectDirPath = "";
			projectRoot = "";
			targets = (
				06310BAD2E9EB7E1001338C1 /* SC40-V4 */,
				06310BBF2E9EB80E001338C1 /* SC40-V4-W Watch App */,
				06310BD22E9EB838001338C1 /* SC40-V4-E */,
				06310BE62E9EB854001338C1 /* SC40-V4-N */,
			);
		};
/* End PBXProject section */

/* Begin PBXResourcesBuildPhase section */
		06310BAC2E9EB7E1001338C1 /* Resources */ = {
			isa = PBXResourcesBuildPhase;
			buildActionMask = 2147483647;
			files = (
			);
			runOnlyForDeploymentPostprocessing = 0;
		};
		06310BBE2E9EB80E001338C1 /* Resources */ = {
			isa = PBXResourcesBuildPhase;
			buildActionMask = 2147483647;
			files = (
			);
			runOnlyForDeploymentPostprocessing = 0;
		};
		06310BD12E9EB838001338C1 /* Resources */ = {
			isa = PBXResourcesBuildPhase;
			buildActionMask = 2147483647;
			files = (
			);
			runOnlyForDeploymentPostprocessing = 0;
		};
		06310BE52E9EB854001338C1 /* Resources */ = {
			isa = PBXResourcesBuildPhase;
			buildActionMask = 2147483647;
			files = (
			);
			runOnlyForDeploymentPostprocessing = 0;
		};
/* End PBXResourcesBuildPhase section */

/* Begin PBXSourcesBuildPhase section */
		06310BAA2E9EB7E1001338C1 /* Sources */ = {
			isa = PBXSourcesBuildPhase;
			buildActionMask = 2147483647;
			files = (
			);
			runOnlyForDeploymentPostprocessing = 0;
		};
		06310BBC2E9EB80E001338C1 /* Sources */ = {
			isa = PBXSourcesBuildPhase;
			buildActionMask = 2147483647;
			files = (
			);
			runOnlyForDeploymentPostprocessing = 0;
		};
		06310BCF2E9EB838001338C1 /* Sources */ = {
			isa = PBXSourcesBuildPhase;
			buildActionMask = 2147483647;
			files = (
			);
			runOnlyForDeploymentPostprocessing = 0;
		};
		06310BE32E9EB854001338C1 /* Sources */ = {
			isa = PBXSourcesBuildPhase;
			buildActionMask = 2147483647;
			files = (
			);
			runOnlyForDeploymentPostprocessing = 0;
		};
/* End PBXSourcesBuildPhase section */

/* Begin PBXTargetDependency section */
		06310BC92E9EB80E001338C1 /* PBXTargetDependency */ = {
			isa = PBXTargetDependency;
			target = 06310BBF2E9EB80E001338C1 /* SC40-V4-W Watch App */;
			targetProxy = 06310BC82E9EB80E001338C1 /* PBXContainerItemProxy */;
		};
		06310BDC2E9EB838001338C1 /* PBXTargetDependency */ = {
			isa = PBXTargetDependency;
			target = 06310BD22E9EB838001338C1 /* SC40-V4-E */;
			targetProxy = 06310BDB2E9EB838001338C1 /* PBXContainerItemProxy */;
		};
		06310BED2E9EB854001338C1 /* PBXTargetDependency */ = {
			isa = PBXTargetDependency;
			target = 06310BE62E9EB854001338C1 /* SC40-V4-N */;
			targetProxy = 06310BEC2E9EB854001338C1 /* PBXContainerItemProxy */;
		};
/* End PBXTargetDependency section */

/* Begin XCBuildConfiguration section */
		06310BB72E9EB7E2001338C1 /* Debug */ = {
			isa = XCBuildConfiguration;
			buildSettings = {
				ALWAYS_SEARCH_USER_PATHS = NO;
				ASSETCATALOG_COMPILER_GENERATE_SWIFT_ASSET_SYMBOL_EXTENSIONS = YES;
				CLANG_ANALYZER_NONNULL = YES;
				CLANG_ANALYZER_NUMBER_OBJECT_CONVERSION = YES_AGGRESSIVE;
				CLANG_CXX_LANGUAGE_STANDARD = "gnu++20";
				CLANG_ENABLE_MODULES = YES;
				CLANG_ENABLE_OBJC_ARC = YES;
				CLANG_ENABLE_OBJC_WEAK = YES;
				CLANG_WARN_BLOCK_CAPTURE_AUTORELEASING = YES;
				CLANG_WARN_BOOL_CONVERSION = YES;
				CLANG_WARN_COMMA = YES;
				CLANG_WARN_CONSTANT_CONVERSION = YES;
				CLANG_WARN_DEPRECATED_OBJC_IMPLEMENTATIONS = YES;
				CLANG_WARN_DIRECT_OBJC_ISA_USAGE = YES_ERROR;
				CLANG_WARN_DOCUMENTATION_COMMENTS = YES;
				CLANG_WARN_EMPTY_BODY = YES;
				CLANG_WARN_ENUM_CONVERSION = YES;
				CLANG_WARN_INFINITE_RECURSION = YES;
				CLANG_WARN_INT_CONVERSION = YES;
				CLANG_WARN_NON_LITERAL_NULL_CONVERSION = YES;
				CLANG_WARN_OBJC_IMPLICIT_RETAIN_SELF = YES;
				CLANG_WARN_OBJC_LITERAL_CONVERSION = YES;
				CLANG_WARN_OBJC_ROOT_CLASS = YES_ERROR;
				CLANG_WARN_QUOTED_INCLUDE_IN_FRAMEWORK_HEADER = YES;
				CLANG_WARN_RANGE_LOOP_ANALYSIS = YES;
				CLANG_WARN_STRICT_PROTOTYPES = YES;
				CLANG_WARN_SUSPICIOUS_MOVE = YES;
				CLANG_WARN_UNGUARDED_AVAILABILITY = YES_AGGRESSIVE;
				CLANG_WARN_UNREACHABLE_CODE = YES;
				CLANG_WARN__DUPLICATE_METHOD_MATCH = YES;
				COPY_PHASE_STRIP = NO;
				DEBUG_INFORMATION_FORMAT = dwarf;
				DEVELOPMENT_TEAM = H65MV3U65H;
				ENABLE_STRICT_OBJC_MSGSEND = YES;
				ENABLE_TESTABILITY = YES;
				ENABLE_USER_SCRIPT_SANDBOXING = YES;
				GCC_C_LANGUAGE_STANDARD = gnu17;
				GCC_DYNAMIC_NO_PIC = NO;
				GCC_NO_COMMON_BLOCKS = YES;
				GCC_OPTIMIZATION_LEVEL = 0;
				GCC_PREPROCESSOR_DEFINITIONS = (
					"DEBUG=1",
					"$(inherited)",
				);
				GCC_WARN_64_TO_32_BIT_CONVERSION = YES;
				GCC_WARN_ABOUT_RETURN_TYPE = YES_ERROR;
				GCC_WARN_UNDECLARED_SELECTOR = YES;
				GCC_WARN_UNINITIALIZED_AUTOS = YES_AGGRESSIVE;
				GCC_WARN_UNUSED_FUNCTION = YES;
				GCC_WARN_UNUSED_VARIABLE = YES;
				IPHONEOS_DEPLOYMENT_TARGET = 26.0;
				LOCALIZATION_PREFERS_STRING_CATALOGS = YES;
				MTL_ENABLE_DEBUG_INFO = INCLUDE_SOURCE;
				MTL_FAST_MATH = YES;
				ONLY_ACTIVE_ARCH = YES;
				SDKROOT = iphoneos;
				SWIFT_ACTIVE_COMPILATION_CONDITIONS = "DEBUG $(inherited)";
				SWIFT_OPTIMIZATION_LEVEL = "-Onone";
			};
			name = Debug;
		};
		06310BB82E9EB7E2001338C1 /* Release */ = {
			isa = XCBuildConfiguration;
			buildSettings = {
				ALWAYS_SEARCH_USER_PATHS = NO;
				ASSETCATALOG_COMPILER_GENERATE_SWIFT_ASSET_SYMBOL_EXTENSIONS = YES;
				CLANG_ANALYZER_NONNULL = YES;
				CLANG_ANALYZER_NUMBER_OBJECT_CONVERSION = YES_AGGRESSIVE;
				CLANG_CXX_LANGUAGE_STANDARD = "gnu++20";
				CLANG_ENABLE_MODULES = YES;
				CLANG_ENABLE_OBJC_ARC = YES;
				CLANG_ENABLE_OBJC_WEAK = YES;
				CLANG_WARN_BLOCK_CAPTURE_AUTORELEASING = YES;
				CLANG_WARN_BOOL_CONVERSION = YES;
				CLANG_WARN_COMMA = YES;
				CLANG_WARN_CONSTANT_CONVERSION = YES;
				CLANG_WARN_DEPRECATED_OBJC_IMPLEMENTATIONS = YES;
				CLANG_WARN_DIRECT_OBJC_ISA_USAGE = YES_ERROR;
				CLANG_WARN_DOCUMENTATION_COMMENTS = YES;
				CLANG_WARN_EMPTY_BODY = YES;
				CLANG_WARN_ENUM_CONVERSION = YES;
				CLANG_WARN_INFINITE_RECURSION = YES;
				CLANG_WARN_INT_CONVERSION = YES;
				CLANG_WARN_NON_LITERAL_NULL_CONVERSION = YES;
				CLANG_WARN_OBJC_IMPLICIT_RETAIN_SELF = YES;
				CLANG_WARN_OBJC_LITERAL_CONVERSION = YES;
				CLANG_WARN_OBJC_ROOT_CLASS = YES_ERROR;
				CLANG_WARN_QUOTED_INCLUDE_IN_FRAMEWORK_HEADER = YES;
				CLANG_WARN_RANGE_LOOP_ANALYSIS = YES;
				CLANG_WARN_STRICT_PROTOTYPES = YES;
				CLANG_WARN_SUSPICIOUS_MOVE = YES;
				CLANG_WARN_UNGUARDED_AVAILABILITY = YES_AGGRESSIVE;
				CLANG_WARN_UNREACHABLE_CODE = YES;
				CLANG_WARN__DUPLICATE_METHOD_MATCH = YES;
				COPY_PHASE_STRIP = NO;
				DEBUG_INFORMATION_FORMAT = "dwarf-with-dsym";
				DEVELOPMENT_TEAM = H65MV3U65H;
				ENABLE_NS_ASSERTIONS = NO;
				ENABLE_STRICT_OBJC_MSGSEND = YES;
				ENABLE_USER_SCRIPT_SANDBOXING = YES;
				GCC_C_LANGUAGE_STANDARD = gnu17;
				GCC_NO_COMMON_BLOCKS = YES;
				GCC_WARN_64_TO_32_BIT_CONVERSION = YES;
				GCC_WARN_ABOUT_RETURN_TYPE = YES_ERROR;
				GCC_WARN_UNDECLARED_SELECTOR = YES;
				GCC_WARN_UNINITIALIZED_AUTOS = YES_AGGRESSIVE;
				GCC_WARN_UNUSED_FUNCTION = YES;
				GCC_WARN_UNUSED_VARIABLE = YES;
				IPHONEOS_DEPLOYMENT_TARGET = 26.0;
				LOCALIZATION_PREFERS_STRING_CATALOGS = YES;
				MTL_ENABLE_DEBUG_INFO = NO;
				MTL_FAST_MATH = YES;
				SDKROOT = iphoneos;
				SWIFT_COMPILATION_MODE = wholemodule;
				VALIDATE_PRODUCT = YES;
			};
			name = Release;
		};
		06310BBA2E9EB7E2001338C1 /* Debug */ = {
			isa = XCBuildConfiguration;
			buildSettings = {
				ASSETCATALOG_COMPILER_APPICON_NAME = "AppIcon phone";
				ASSETCATALOG_COMPILER_GLOBAL_ACCENT_COLOR_NAME = AccentColor;
				ASSETCATALOG_COMPILER_INCLUDE_ALL_APPICON_ASSETS = NO;
				CODE_SIGN_STYLE = Automatic;
				CURRENT_PROJECT_VERSION = 1;
				DEVELOPMENT_TEAM = H65MV3U65H;
				ENABLE_PREVIEWS = YES;
				GENERATE_INFOPLIST_FILE = YES;
				INFOPLIST_FILE = "SC40-V4/info.phone.plist";
				INFOPLIST_KEY_UIApplicationSceneManifest_Generation = YES;
				INFOPLIST_KEY_UIApplicationSupportsIndirectInputEvents = YES;
				INFOPLIST_KEY_UILaunchScreen_Generation = YES;
				INFOPLIST_KEY_UISupportedInterfaceOrientations_iPad = "UIInterfaceOrientationPortrait UIInterfaceOrientationPortraitUpsideDown UIInterfaceOrientationLandscapeLeft UIInterfaceOrientationLandscapeRight";
				INFOPLIST_KEY_UISupportedInterfaceOrientations_iPhone = "UIInterfaceOrientationPortrait UIInterfaceOrientationLandscapeLeft UIInterfaceOrientationLandscapeRight";
				LD_RUNPATH_SEARCH_PATHS = (
					"$(inherited)",
					"@executable_path/Frameworks",
				);
				MARKETING_VERSION = 1.0;
				PRODUCT_BUNDLE_IDENTIFIER = "Acclerate.SC40-V4";
				PRODUCT_NAME = "$(TARGET_NAME)";
				STRING_CATALOG_GENERATE_SYMBOLS = YES;
				SWIFT_APPROACHABLE_CONCURRENCY = YES;
				SWIFT_DEFAULT_ACTOR_ISOLATION = MainActor;
				SWIFT_EMIT_LOC_STRINGS = YES;
				SWIFT_UPCOMING_FEATURE_MEMBER_IMPORT_VISIBILITY = YES;
				SWIFT_VERSION = 5.0;
				TARGETED_DEVICE_FAMILY = "1,2";
			};
			name = Debug;
		};
		06310BBB2E9EB7E2001338C1 /* Release */ = {
			isa = XCBuildConfiguration;
			buildSettings = {
				ASSETCATALOG_COMPILER_APPICON_NAME = "AppIcon phone";
				ASSETCATALOG_COMPILER_GLOBAL_ACCENT_COLOR_NAME = AccentColor;
				ASSETCATALOG_COMPILER_INCLUDE_ALL_APPICON_ASSETS = NO;
				CODE_SIGN_STYLE = Automatic;
				CURRENT_PROJECT_VERSION = 1;
				DEVELOPMENT_TEAM = H65MV3U65H;
				ENABLE_PREVIEWS = YES;
				GENERATE_INFOPLIST_FILE = YES;
				INFOPLIST_FILE = "SC40-V4/info.phone.plist";
				INFOPLIST_KEY_UIApplicationSceneManifest_Generation = YES;
				INFOPLIST_KEY_UIApplicationSupportsIndirectInputEvents = YES;
				INFOPLIST_KEY_UILaunchScreen_Generation = YES;
				INFOPLIST_KEY_UISupportedInterfaceOrientations_iPad = "UIInterfaceOrientationPortrait UIInterfaceOrientationPortraitUpsideDown UIInterfaceOrientationLandscapeLeft UIInterfaceOrientationLandscapeRight";
				INFOPLIST_KEY_UISupportedInterfaceOrientations_iPhone = "UIInterfaceOrientationPortrait UIInterfaceOrientationLandscapeLeft UIInterfaceOrientationLandscapeRight";
				LD_RUNPATH_SEARCH_PATHS = (
					"$(inherited)",
					"@executable_path/Frameworks",
				);
				MARKETING_VERSION = 1.0;
				PRODUCT_BUNDLE_IDENTIFIER = "Acclerate.SC40-V4";
				PRODUCT_NAME = "$(TARGET_NAME)";
				STRING_CATALOG_GENERATE_SYMBOLS = YES;
				SWIFT_APPROACHABLE_CONCURRENCY = YES;
				SWIFT_DEFAULT_ACTOR_ISOLATION = MainActor;
				SWIFT_EMIT_LOC_STRINGS = YES;
				SWIFT_UPCOMING_FEATURE_MEMBER_IMPORT_VISIBILITY = YES;
				SWIFT_VERSION = 5.0;
				TARGETED_DEVICE_FAMILY = "1,2";
			};
			name = Release;
		};
		06310BCC2E9EB80E001338C1 /* Debug */ = {
			isa = XCBuildConfiguration;
			buildSettings = {
				ASSETCATALOG_COMPILER_APPICON_NAME = "AppIcon watch";
				ASSETCATALOG_COMPILER_GLOBAL_ACCENT_COLOR_NAME = AccentColor;
				CODE_SIGN_STYLE = Automatic;
				CURRENT_PROJECT_VERSION = 1;
				DEVELOPMENT_TEAM = H65MV3U65H;
				ENABLE_PREVIEWS = YES;
				GENERATE_INFOPLIST_FILE = YES;
				INFOPLIST_FILE = "SC40-V4-W Watch App/info.watch.plist";
				INFOPLIST_KEY_CFBundleDisplayName = "SC40-V4-W";
				INFOPLIST_KEY_UISupportedInterfaceOrientations = "UIInterfaceOrientationPortrait UIInterfaceOrientationPortraitUpsideDown";
				INFOPLIST_KEY_WKCompanionAppBundleIdentifier = "Acclerate.SC40-V4";
				LD_RUNPATH_SEARCH_PATHS = (
					"$(inherited)",
					"@executable_path/Frameworks",
				);
				MARKETING_VERSION = 1.0;
				PRODUCT_BUNDLE_IDENTIFIER = "Acclerate.SC40-V4.watchkitapp";
				PRODUCT_NAME = "$(TARGET_NAME)";
				SDKROOT = watchos;
				SKIP_INSTALL = YES;
				STRING_CATALOG_GENERATE_SYMBOLS = YES;
				SWIFT_APPROACHABLE_CONCURRENCY = YES;
				SWIFT_DEFAULT_ACTOR_ISOLATION = MainActor;
				SWIFT_EMIT_LOC_STRINGS = YES;
				SWIFT_UPCOMING_FEATURE_MEMBER_IMPORT_VISIBILITY = YES;
				SWIFT_VERSION = 5.0;
				TARGETED_DEVICE_FAMILY = 4;
				WATCHOS_DEPLOYMENT_TARGET = 26.0;
			};
			name = Debug;
		};
		06310BCD2E9EB80E001338C1 /* Release */ = {
			isa = XCBuildConfiguration;
			buildSettings = {
				ASSETCATALOG_COMPILER_APPICON_NAME = "AppIcon watch";
				ASSETCATALOG_COMPILER_GLOBAL_ACCENT_COLOR_NAME = AccentColor;
				CODE_SIGN_STYLE = Automatic;
				CURRENT_PROJECT_VERSION = 1;
				DEVELOPMENT_TEAM = H65MV3U65H;
				ENABLE_PREVIEWS = YES;
				GENERATE_INFOPLIST_FILE = YES;
				INFOPLIST_FILE = "SC40-V4-W Watch App/info.watch.plist";
				INFOPLIST_KEY_CFBundleDisplayName = "SC40-V4-W";
				INFOPLIST_KEY_UISupportedInterfaceOrientations = "UIInterfaceOrientationPortrait UIInterfaceOrientationPortraitUpsideDown";
				INFOPLIST_KEY_WKCompanionAppBundleIdentifier = "Acclerate.SC40-V4";
				LD_RUNPATH_SEARCH_PATHS = (
					"$(inherited)",
					"@executable_path/Frameworks",
				);
				MARKETING_VERSION = 1.0;
				PRODUCT_BUNDLE_IDENTIFIER = "Acclerate.SC40-V4.watchkitapp";
				PRODUCT_NAME = "$(TARGET_NAME)";
				SDKROOT = watchos;
				SKIP_INSTALL = YES;
				STRING_CATALOG_GENERATE_SYMBOLS = YES;
				SWIFT_APPROACHABLE_CONCURRENCY = YES;
				SWIFT_DEFAULT_ACTOR_ISOLATION = MainActor;
				SWIFT_EMIT_LOC_STRINGS = YES;
				SWIFT_UPCOMING_FEATURE_MEMBER_IMPORT_VISIBILITY = YES;
				SWIFT_VERSION = 5.0;
				TARGETED_DEVICE_FAMILY = 4;
				WATCHOS_DEPLOYMENT_TARGET = 26.0;
			};
			name = Release;
		};
		06310BE02E9EB838001338C1 /* Debug */ = {
			isa = XCBuildConfiguration;
			buildSettings = {
				CODE_SIGN_STYLE = Automatic;
				CURRENT_PROJECT_VERSION = 1;
				DEVELOPMENT_TEAM = H65MV3U65H;
				GENERATE_INFOPLIST_FILE = YES;
				INFOPLIST_FILE = "SC40-V4-E/Info.plist";
				INFOPLIST_KEY_CFBundleDisplayName = "SC40-V4-E";
				INFOPLIST_KEY_NSHumanReadableCopyright = "";
				LD_RUNPATH_SEARCH_PATHS = (
					"$(inherited)",
					"@executable_path/Frameworks",
					"@executable_path/../../Frameworks",
					"@executable_path/../../../../Frameworks",
				);
				MARKETING_VERSION = 1.0;
				PRODUCT_BUNDLE_IDENTIFIER = "Acclerate.SC40-V4.watchkitapp.SC40-V4-E";
				PRODUCT_NAME = "$(TARGET_NAME)";
				SDKROOT = watchos;
				SKIP_INSTALL = YES;
				STRING_CATALOG_GENERATE_SYMBOLS = YES;
				SWIFT_APPROACHABLE_CONCURRENCY = YES;
				SWIFT_EMIT_LOC_STRINGS = YES;
				SWIFT_UPCOMING_FEATURE_MEMBER_IMPORT_VISIBILITY = YES;
				SWIFT_VERSION = 5.0;
				TARGETED_DEVICE_FAMILY = 4;
				WATCHOS_DEPLOYMENT_TARGET = 26.0;
			};
			name = Debug;
		};
		06310BE12E9EB838001338C1 /* Release */ = {
			isa = XCBuildConfiguration;
			buildSettings = {
				CODE_SIGN_STYLE = Automatic;
				CURRENT_PROJECT_VERSION = 1;
				DEVELOPMENT_TEAM = H65MV3U65H;
				GENERATE_INFOPLIST_FILE = YES;
				INFOPLIST_FILE = "SC40-V4-E/Info.plist";
				INFOPLIST_KEY_CFBundleDisplayName = "SC40-V4-E";
				INFOPLIST_KEY_NSHumanReadableCopyright = "";
				LD_RUNPATH_SEARCH_PATHS = (
					"$(inherited)",
					"@executable_path/Frameworks",
					"@executable_path/../../Frameworks",
					"@executable_path/../../../../Frameworks",
				);
				MARKETING_VERSION = 1.0;
				PRODUCT_BUNDLE_IDENTIFIER = "Acclerate.SC40-V4.watchkitapp.SC40-V4-E";
				PRODUCT_NAME = "$(TARGET_NAME)";
				SDKROOT = watchos;
				SKIP_INSTALL = YES;
				STRING_CATALOG_GENERATE_SYMBOLS = YES;
				SWIFT_APPROACHABLE_CONCURRENCY = YES;
				SWIFT_EMIT_LOC_STRINGS = YES;
				SWIFT_UPCOMING_FEATURE_MEMBER_IMPORT_VISIBILITY = YES;
				SWIFT_VERSION = 5.0;
				TARGETED_DEVICE_FAMILY = 4;
				WATCHOS_DEPLOYMENT_TARGET = 26.0;
			};
			name = Release;
		};
		06310BF12E9EB854001338C1 /* Debug */ = {
			isa = XCBuildConfiguration;
			buildSettings = {
				CODE_SIGN_STYLE = Automatic;
				CURRENT_PROJECT_VERSION = 1;
				DEVELOPMENT_TEAM = H65MV3U65H;
				GENERATE_INFOPLIST_FILE = YES;
				INFOPLIST_FILE = "SC40-V4-N/Info.plist";
				INFOPLIST_KEY_CFBundleDisplayName = "SC40-V4-N";
				INFOPLIST_KEY_NSHumanReadableCopyright = "";
				LD_RUNPATH_SEARCH_PATHS = (
					"$(inherited)",
					"@executable_path/Frameworks",
					"@executable_path/../../Frameworks",
					"@executable_path/../../../../Frameworks",
				);
				MARKETING_VERSION = 1.0;
				PRODUCT_BUNDLE_IDENTIFIER = "Acclerate.SC40-V4.watchkitapp.SC40-V4-N";
				PRODUCT_NAME = "$(TARGET_NAME)";
				SDKROOT = watchos;
				SKIP_INSTALL = YES;
				STRING_CATALOG_GENERATE_SYMBOLS = YES;
				SWIFT_APPROACHABLE_CONCURRENCY = YES;
				SWIFT_EMIT_LOC_STRINGS = YES;
				SWIFT_UPCOMING_FEATURE_MEMBER_IMPORT_VISIBILITY = YES;
				SWIFT_VERSION = 5.0;
				TARGETED_DEVICE_FAMILY = 4;
				WATCHOS_DEPLOYMENT_TARGET = 26.0;
			};
			name = Debug;
		};
		06310BF22E9EB854001338C1 /* Release */ = {
			isa = XCBuildConfiguration;
			buildSettings = {
				CODE_SIGN_STYLE = Automatic;
				CURRENT_PROJECT_VERSION = 1;
				DEVELOPMENT_TEAM = H65MV3U65H;
				GENERATE_INFOPLIST_FILE = YES;
				INFOPLIST_FILE = "SC40-V4-N/Info.plist";
				INFOPLIST_KEY_CFBundleDisplayName = "SC40-V4-N";
				INFOPLIST_KEY_NSHumanReadableCopyright = "";
				LD_RUNPATH_SEARCH_PATHS = (
					"$(inherited)",
					"@executable_path/Frameworks",
					"@executable_path/../../Frameworks",
					"@executable_path/../../../../Frameworks",
				);
				MARKETING_VERSION = 1.0;
				PRODUCT_BUNDLE_IDENTIFIER = "Acclerate.SC40-V4.watchkitapp.SC40-V4-N";
				PRODUCT_NAME = "$(TARGET_NAME)";
				SDKROOT = watchos;
				SKIP_INSTALL = YES;
				STRING_CATALOG_GENERATE_SYMBOLS = YES;
				SWIFT_APPROACHABLE_CONCURRENCY = YES;
				SWIFT_EMIT_LOC_STRINGS = YES;
				SWIFT_UPCOMING_FEATURE_MEMBER_IMPORT_VISIBILITY = YES;
				SWIFT_VERSION = 5.0;
				TARGETED_DEVICE_FAMILY = 4;
				WATCHOS_DEPLOYMENT_TARGET = 26.0;
			};
			name = Release;
		};
/* End XCBuildConfiguration section */

/* Begin XCConfigurationList section */
		06310BA92E9EB7E1001338C1 /* Build configuration list for PBXProject "SC40-V4" */ = {
			isa = XCConfigurationList;
			buildConfigurations = (
				06310BB72E9EB7E2001338C1 /* Debug */,
				06310BB82E9EB7E2001338C1 /* Release */,
			);
			defaultConfigurationIsVisible = 0;
			defaultConfigurationName = Release;
		};
		06310BB92E9EB7E2001338C1 /* Build configuration list for PBXNativeTarget "SC40-V4" */ = {
			isa = XCConfigurationList;
			buildConfigurations = (
				06310BBA2E9EB7E2001338C1 /* Debug */,
				06310BBB2E9EB7E2001338C1 /* Release */,
			);
			defaultConfigurationIsVisible = 0;
			defaultConfigurationName = Release;
		};
		06310BCB2E9EB80E001338C1 /* Build configuration list for PBXNativeTarget "SC40-V4-W Watch App" */ = {
			isa = XCConfigurationList;
			buildConfigurations = (
				06310BCC2E9EB80E001338C1 /* Debug */,
				06310BCD2E9EB80E001338C1 /* Release */,
			);
			defaultConfigurationIsVisible = 0;
			defaultConfigurationName = Release;
		};
		06310BDF2E9EB838001338C1 /* Build configuration list for PBXNativeTarget "SC40-V4-E" */ = {
			isa = XCConfigurationList;
			buildConfigurations = (
				06310BE02E9EB838001338C1 /* Debug */,
				06310BE12E9EB838001338C1 /* Release */,
			);
			defaultConfigurationIsVisible = 0;
			defaultConfigurationName = Release;
		};
		06310BF02E9EB854001338C1 /* Build configuration list for PBXNativeTarget "SC40-V4-N" */ = {
			isa = XCConfigurationList;
			buildConfigurations = (
				06310BF12E9EB854001338C1 /* Debug */,
				06310BF22E9EB854001338C1 /* Release */,
			);
			defaultConfigurationIsVisible = 0;
			defaultConfigurationName = Release;
		};
/* End XCConfigurationList section */
	};
	rootObject = 06310BA62E9EB7E1001338C1 /* Project object */;
}
