// !$*UTF8*$!
{
	archiveVersion = 1;
	classes = {
	};
	objectVersion = 77;
	objects = {

/* Begin PBXBuildFile section */
		064B8C822EA17A00006BFB96 /* SC40-V3-W Watch App.app in Embed Watch Content */ = {isa = PBXBuildFile; fileRef = 064B8C622EA179FF006BFB96 /* SC40-V3-W Watch App.app */; settings = {ATTRIBUTES = (RemoveHeadersOnCopy, ); }; };
		064B8C942EA17A67006BFB96 /* Intents.framework in Frameworks */ = {isa = PBXBuildFile; fileRef = 064B8C932EA17A67006BFB96 /* Intents.framework */; };
		064B8C9B2EA17A67006BFB96 /* SC40-V3-I.appex in Embed Foundation Extensions */ = {isa = PBXBuildFile; fileRef = 064B8C912EA17A67006BFB96 /* SC40-V3-I.appex */; settings = {ATTRIBUTES = (RemoveHeadersOnCopy, ); }; };
		064B8CAC2EA17A83006BFB96 /* SC40-V3-N.appex in Embed Foundation Extensions */ = {isa = PBXBuildFile; fileRef = 064B8CA52EA17A83006BFB96 /* SC40-V3-N.appex */; settings = {ATTRIBUTES = (RemoveHeadersOnCopy, ); }; };
/* End PBXBuildFile section */

/* Begin PBXContainerItemProxy section */
		064B8C6F2EA17A00006BFB96 /* PBXContainerItemProxy */ = {
			isa = PBXContainerItemProxy;
			containerPortal = 064B8C432EA179C7006BFB96 /* Project object */;
			proxyType = 1;
			remoteGlobalIDString = 064B8C612EA179FF006BFB96;
			remoteInfo = "SC40-V3-W Watch App";
		};
		064B8C792EA17A00006BFB96 /* PBXContainerItemProxy */ = {
			isa = PBXContainerItemProxy;
			containerPortal = 064B8C432EA179C7006BFB96 /* Project object */;
			proxyType = 1;
			remoteGlobalIDString = 064B8C612EA179FF006BFB96;
			remoteInfo = "SC40-V3-W Watch App";
		};
		064B8C802EA17A00006BFB96 /* PBXContainerItemProxy */ = {
			isa = PBXContainerItemProxy;
			containerPortal = 064B8C432EA179C7006BFB96 /* Project object */;
			proxyType = 1;
			remoteGlobalIDString = 064B8C612EA179FF006BFB96;
			remoteInfo = "SC40-V3-W Watch App";
		};
		064B8C992EA17A67006BFB96 /* PBXContainerItemProxy */ = {
			isa = PBXContainerItemProxy;
			containerPortal = 064B8C432EA179C7006BFB96 /* Project object */;
			proxyType = 1;
			remoteGlobalIDString = 064B8C902EA17A67006BFB96;
			remoteInfo = "SC40-V3-I";
		};
		064B8CAA2EA17A83006BFB96 /* PBXContainerItemProxy */ = {
			isa = PBXContainerItemProxy;
			containerPortal = 064B8C432EA179C7006BFB96 /* Project object */;
			proxyType = 1;
			remoteGlobalIDString = 064B8CA42EA17A83006BFB96;
			remoteInfo = "SC40-V3-N";
		};
/* End PBXContainerItemProxy section */

/* Begin PBXCopyFilesBuildPhase section */
		064B8C862EA17A00006BFB96 /* Embed Watch Content */ = {
			isa = PBXCopyFilesBuildPhase;
			buildActionMask = 2147483647;
			dstPath = "$(CONTENTS_FOLDER_PATH)/Watch";
			dstSubfolderSpec = 16;
			files = (
				064B8C822EA17A00006BFB96 /* SC40-V3-W Watch App.app in Embed Watch Content */,
			);
			name = "Embed Watch Content";
			runOnlyForDeploymentPostprocessing = 0;
		};
		064B8CA02EA17A67006BFB96 /* Embed Foundation Extensions */ = {
			isa = PBXCopyFilesBuildPhase;
			buildActionMask = 2147483647;
			dstPath = "";
			dstSubfolderSpec = 13;
			files = (
				064B8CAC2EA17A83006BFB96 /* SC40-V3-N.appex in Embed Foundation Extensions */,
				064B8C9B2EA17A67006BFB96 /* SC40-V3-I.appex in Embed Foundation Extensions */,
			);
			name = "Embed Foundation Extensions";
			runOnlyForDeploymentPostprocessing = 0;
		};
/* End PBXCopyFilesBuildPhase section */

/* Begin PBXFileReference section */
		064B8C4B2EA179C7006BFB96 /* SC40-V3-Rebuild.app */ = {isa = PBXFileReference; explicitFileType = wrapper.application; includeInIndex = 0; path = "SC40-V3-Rebuild.app"; sourceTree = BUILT_PRODUCTS_DIR; };
		064B8C622EA179FF006BFB96 /* SC40-V3-W Watch App.app */ = {isa = PBXFileReference; explicitFileType = wrapper.application; includeInIndex = 0; path = "SC40-V3-W Watch App.app"; sourceTree = BUILT_PRODUCTS_DIR; };
		064B8C6E2EA17A00006BFB96 /* SC40-V3-W Watch AppTests.xctest */ = {isa = PBXFileReference; explicitFileType = wrapper.cfbundle; includeInIndex = 0; path = "SC40-V3-W Watch AppTests.xctest"; sourceTree = BUILT_PRODUCTS_DIR; };
		064B8C782EA17A00006BFB96 /* SC40-V3-W Watch AppUITests.xctest */ = {isa = PBXFileReference; explicitFileType = wrapper.cfbundle; includeInIndex = 0; path = "SC40-V3-W Watch AppUITests.xctest"; sourceTree = BUILT_PRODUCTS_DIR; };
		064B8C912EA17A67006BFB96 /* SC40-V3-I.appex */ = {isa = PBXFileReference; explicitFileType = "wrapper.app-extension"; includeInIndex = 0; path = "SC40-V3-I.appex"; sourceTree = BUILT_PRODUCTS_DIR; };
		064B8C932EA17A67006BFB96 /* Intents.framework */ = {isa = PBXFileReference; lastKnownFileType = wrapper.framework; name = Intents.framework; path = System/Library/Frameworks/Intents.framework; sourceTree = SDKROOT; };
		064B8CA52EA17A83006BFB96 /* SC40-V3-N.appex */ = {isa = PBXFileReference; explicitFileType = "wrapper.app-extension"; includeInIndex = 0; path = "SC40-V3-N.appex"; sourceTree = BUILT_PRODUCTS_DIR; };
/* End PBXFileReference section */

/* Begin PBXFileSystemSynchronizedBuildFileExceptionSet section */
		064B8C9F2EA17A67006BFB96 /* Exceptions for "SC40-V3-I" folder in "SC40-V3-I" target */ = {
			isa = PBXFileSystemSynchronizedBuildFileExceptionSet;
			membershipExceptions = (
				Info.plist,
			);
			target = 064B8C902EA17A67006BFB96 /* SC40-V3-I */;
		};
		064B8CB02EA17A83006BFB96 /* Exceptions for "SC40-V3-N" folder in "SC40-V3-N" target */ = {
			isa = PBXFileSystemSynchronizedBuildFileExceptionSet;
			membershipExceptions = (
				Info.plist,
			);
			target = 064B8CA42EA17A83006BFB96 /* SC40-V3-N */;
		};
/* End PBXFileSystemSynchronizedBuildFileExceptionSet section */

/* Begin PBXFileSystemSynchronizedGroupBuildPhaseMembershipExceptionSet section */
		0670549C2EA18613006AC1BE /* Exceptions for "SC40-V3-Rebuild" folder in "Copy Bundle Resources" phase from "SC40-V3-Rebuild" target */ = {
			isa = PBXFileSystemSynchronizedGroupBuildPhaseMembershipExceptionSet;
			buildPhase = 064B8C492EA179C7006BFB96 /* Resources */;
			membershipExceptions = (
				Models/UserProfileViewModel.swift,
				Views/SessionDetailView.swift,
			);
		};
/* End PBXFileSystemSynchronizedGroupBuildPhaseMembershipExceptionSet section */

/* Begin PBXFileSystemSynchronizedRootGroup section */
		064B8C4D2EA179C7006BFB96 /* SC40-V3-Rebuild */ = {
			isa = PBXFileSystemSynchronizedRootGroup;
			exceptions = (
				0670549C2EA18613006AC1BE /* Exceptions for "SC40-V3-Rebuild" folder in "Copy Bundle Resources" phase from "SC40-V3-Rebuild" target */,
			);
			path = "SC40-V3-Rebuild";
			sourceTree = "<group>";
		};
		064B8C632EA179FF006BFB96 /* SC40-V3-W Watch App */ = {
			isa = PBXFileSystemSynchronizedRootGroup;
			path = "SC40-V3-W Watch App";
			sourceTree = "<group>";
		};
		064B8C712EA17A00006BFB96 /* SC40-V3-W Watch AppTests */ = {
			isa = PBXFileSystemSynchronizedRootGroup;
			path = "SC40-V3-W Watch AppTests";
			sourceTree = "<group>";
		};
		064B8C7B2EA17A00006BFB96 /* SC40-V3-W Watch AppUITests */ = {
			isa = PBXFileSystemSynchronizedRootGroup;
			path = "SC40-V3-W Watch AppUITests";
			sourceTree = "<group>";
		};
		064B8C952EA17A67006BFB96 /* SC40-V3-I */ = {
			isa = PBXFileSystemSynchronizedRootGroup;
			exceptions = (
				064B8C9F2EA17A67006BFB96 /* Exceptions for "SC40-V3-I" folder in "SC40-V3-I" target */,
			);
			path = "SC40-V3-I";
			sourceTree = "<group>";
		};
		064B8CA62EA17A83006BFB96 /* SC40-V3-N */ = {
			isa = PBXFileSystemSynchronizedRootGroup;
			exceptions = (
				064B8CB02EA17A83006BFB96 /* Exceptions for "SC40-V3-N" folder in "SC40-V3-N" target */,
			);
			path = "SC40-V3-N";
			sourceTree = "<group>";
		};
/* End PBXFileSystemSynchronizedRootGroup section */

/* Begin PBXFrameworksBuildPhase section */
		064B8C482EA179C7006BFB96 /* Frameworks */ = {
			isa = PBXFrameworksBuildPhase;
			buildActionMask = 2147483647;
			files = (
			);
			runOnlyForDeploymentPostprocessing = 0;
		};
		064B8C5F2EA179FF006BFB96 /* Frameworks */ = {
			isa = PBXFrameworksBuildPhase;
			buildActionMask = 2147483647;
			files = (
			);
			runOnlyForDeploymentPostprocessing = 0;
		};
		064B8C6B2EA17A00006BFB96 /* Frameworks */ = {
			isa = PBXFrameworksBuildPhase;
			buildActionMask = 2147483647;
			files = (
			);
			runOnlyForDeploymentPostprocessing = 0;
		};
		064B8C752EA17A00006BFB96 /* Frameworks */ = {
			isa = PBXFrameworksBuildPhase;
			buildActionMask = 2147483647;
			files = (
			);
			runOnlyForDeploymentPostprocessing = 0;
		};
		064B8C8E2EA17A67006BFB96 /* Frameworks */ = {
			isa = PBXFrameworksBuildPhase;
			buildActionMask = 2147483647;
			files = (
				064B8C942EA17A67006BFB96 /* Intents.framework in Frameworks */,
			);
			runOnlyForDeploymentPostprocessing = 0;
		};
		064B8CA22EA17A83006BFB96 /* Frameworks */ = {
			isa = PBXFrameworksBuildPhase;
			buildActionMask = 2147483647;
			files = (
			);
			runOnlyForDeploymentPostprocessing = 0;
		};
/* End PBXFrameworksBuildPhase section */

/* Begin PBXGroup section */
		064B8C422EA179C7006BFB96 = {
			isa = PBXGroup;
			children = (
				064B8C4D2EA179C7006BFB96 /* SC40-V3-Rebuild */,
				064B8C632EA179FF006BFB96 /* SC40-V3-W Watch App */,
				064B8C712EA17A00006BFB96 /* SC40-V3-W Watch AppTests */,
				064B8C7B2EA17A00006BFB96 /* SC40-V3-W Watch AppUITests */,
				064B8C952EA17A67006BFB96 /* SC40-V3-I */,
				064B8CA62EA17A83006BFB96 /* SC40-V3-N */,
				064B8C922EA17A67006BFB96 /* Frameworks */,
				064B8C4C2EA179C7006BFB96 /* Products */,
			);
			sourceTree = "<group>";
		};
		064B8C4C2EA179C7006BFB96 /* Products */ = {
			isa = PBXGroup;
			children = (
				064B8C4B2EA179C7006BFB96 /* SC40-V3-Rebuild.app */,
				064B8C622EA179FF006BFB96 /* SC40-V3-W Watch App.app */,
				064B8C6E2EA17A00006BFB96 /* SC40-V3-W Watch AppTests.xctest */,
				064B8C782EA17A00006BFB96 /* SC40-V3-W Watch AppUITests.xctest */,
				064B8C912EA17A67006BFB96 /* SC40-V3-I.appex */,
				064B8CA52EA17A83006BFB96 /* SC40-V3-N.appex */,
			);
			name = Products;
			sourceTree = "<group>";
		};
		064B8C922EA17A67006BFB96 /* Frameworks */ = {
			isa = PBXGroup;
			children = (
				064B8C932EA17A67006BFB96 /* Intents.framework */,
			);
			name = Frameworks;
			sourceTree = "<group>";
		};
/* End PBXGroup section */

/* Begin PBXNativeTarget section */
		064B8C4A2EA179C7006BFB96 /* SC40-V3-Rebuild */ = {
			isa = PBXNativeTarget;
			buildConfigurationList = 064B8C592EA179C8006BFB96 /* Build configuration list for PBXNativeTarget "SC40-V3-Rebuild" */;
			buildPhases = (
				064B8C472EA179C7006BFB96 /* Sources */,
				064B8C482EA179C7006BFB96 /* Frameworks */,
				064B8C492EA179C7006BFB96 /* Resources */,
				064B8C862EA17A00006BFB96 /* Embed Watch Content */,
			);
			buildRules = (
			);
			dependencies = (
				064B8C812EA17A00006BFB96 /* PBXTargetDependency */,
			);
			fileSystemSynchronizedGroups = (
				064B8C4D2EA179C7006BFB96 /* SC40-V3-Rebuild */,
			);
			name = "SC40-V3-Rebuild";
			packageProductDependencies = (
			);
			productName = "SC40-V3-Rebuild";
			productReference = 064B8C4B2EA179C7006BFB96 /* SC40-V3-Rebuild.app */;
			productType = "com.apple.product-type.application";
		};
		064B8C612EA179FF006BFB96 /* SC40-V3-W Watch App */ = {
			isa = PBXNativeTarget;
			buildConfigurationList = 064B8C832EA17A00006BFB96 /* Build configuration list for PBXNativeTarget "SC40-V3-W Watch App" */;
			buildPhases = (
				064B8C5E2EA179FF006BFB96 /* Sources */,
				064B8C5F2EA179FF006BFB96 /* Frameworks */,
				064B8C602EA179FF006BFB96 /* Resources */,
				064B8CA02EA17A67006BFB96 /* Embed Foundation Extensions */,
			);
			buildRules = (
			);
			dependencies = (
				064B8C9A2EA17A67006BFB96 /* PBXTargetDependency */,
				064B8CAB2EA17A83006BFB96 /* PBXTargetDependency */,
			);
			fileSystemSynchronizedGroups = (
				064B8C632EA179FF006BFB96 /* SC40-V3-W Watch App */,
			);
			name = "SC40-V3-W Watch App";
			packageProductDependencies = (
			);
			productName = "SC40-V3-W Watch App";
			productReference = 064B8C622EA179FF006BFB96 /* SC40-V3-W Watch App.app */;
			productType = "com.apple.product-type.application";
		};
		064B8C6D2EA17A00006BFB96 /* SC40-V3-W Watch AppTests */ = {
			isa = PBXNativeTarget;
			buildConfigurationList = 064B8C872EA17A00006BFB96 /* Build configuration list for PBXNativeTarget "SC40-V3-W Watch AppTests" */;
			buildPhases = (
				064B8C6A2EA17A00006BFB96 /* Sources */,
				064B8C6B2EA17A00006BFB96 /* Frameworks */,
				064B8C6C2EA17A00006BFB96 /* Resources */,
			);
			buildRules = (
			);
			dependencies = (
				064B8C702EA17A00006BFB96 /* PBXTargetDependency */,
			);
			fileSystemSynchronizedGroups = (
				064B8C712EA17A00006BFB96 /* SC40-V3-W Watch AppTests */,
			);
			name = "SC40-V3-W Watch AppTests";
			packageProductDependencies = (
			);
			productName = "SC40-V3-W Watch AppTests";
			productReference = 064B8C6E2EA17A00006BFB96 /* SC40-V3-W Watch AppTests.xctest */;
			productType = "com.apple.product-type.bundle.unit-test";
		};
		064B8C772EA17A00006BFB96 /* SC40-V3-W Watch AppUITests */ = {
			isa = PBXNativeTarget;
			buildConfigurationList = 064B8C8A2EA17A00006BFB96 /* Build configuration list for PBXNativeTarget "SC40-V3-W Watch AppUITests" */;
			buildPhases = (
				064B8C742EA17A00006BFB96 /* Sources */,
				064B8C752EA17A00006BFB96 /* Frameworks */,
				064B8C762EA17A00006BFB96 /* Resources */,
			);
			buildRules = (
			);
			dependencies = (
				064B8C7A2EA17A00006BFB96 /* PBXTargetDependency */,
			);
			fileSystemSynchronizedGroups = (
				064B8C7B2EA17A00006BFB96 /* SC40-V3-W Watch AppUITests */,
			);
			name = "SC40-V3-W Watch AppUITests";
			packageProductDependencies = (
			);
			productName = "SC40-V3-W Watch AppUITests";
			productReference = 064B8C782EA17A00006BFB96 /* SC40-V3-W Watch AppUITests.xctest */;
			productType = "com.apple.product-type.bundle.ui-testing";
		};
		064B8C902EA17A67006BFB96 /* SC40-V3-I */ = {
			isa = PBXNativeTarget;
			buildConfigurationList = 064B8C9C2EA17A67006BFB96 /* Build configuration list for PBXNativeTarget "SC40-V3-I" */;
			buildPhases = (
				064B8C8D2EA17A67006BFB96 /* Sources */,
				064B8C8E2EA17A67006BFB96 /* Frameworks */,
				064B8C8F2EA17A67006BFB96 /* Resources */,
			);
			buildRules = (
			);
			dependencies = (
			);
			fileSystemSynchronizedGroups = (
				064B8C952EA17A67006BFB96 /* SC40-V3-I */,
			);
			name = "SC40-V3-I";
			packageProductDependencies = (
			);
			productName = "SC40-V3-I";
			productReference = 064B8C912EA17A67006BFB96 /* SC40-V3-I.appex */;
			productType = "com.apple.product-type.app-extension";
		};
		064B8CA42EA17A83006BFB96 /* SC40-V3-N */ = {
			isa = PBXNativeTarget;
			buildConfigurationList = 064B8CAD2EA17A83006BFB96 /* Build configuration list for PBXNativeTarget "SC40-V3-N" */;
			buildPhases = (
				064B8CA12EA17A83006BFB96 /* Sources */,
				064B8CA22EA17A83006BFB96 /* Frameworks */,
				064B8CA32EA17A83006BFB96 /* Resources */,
			);
			buildRules = (
			);
			dependencies = (
			);
			fileSystemSynchronizedGroups = (
				064B8CA62EA17A83006BFB96 /* SC40-V3-N */,
			);
			name = "SC40-V3-N";
			packageProductDependencies = (
			);
			productName = "SC40-V3-N";
			productReference = 064B8CA52EA17A83006BFB96 /* SC40-V3-N.appex */;
			productType = "com.apple.product-type.app-extension";
		};
/* End PBXNativeTarget section */

/* Begin PBXProject section */
		064B8C432EA179C7006BFB96 /* Project object */ = {
			isa = PBXProject;
			attributes = {
				BuildIndependentTargetsInParallel = 1;
				LastSwiftUpdateCheck = 2600;
				LastUpgradeCheck = 2600;
				TargetAttributes = {
					064B8C4A2EA179C7006BFB96 = {
						CreatedOnToolsVersion = 26.0.1;
					};
					064B8C612EA179FF006BFB96 = {
						CreatedOnToolsVersion = 26.0.1;
					};
					064B8C6D2EA17A00006BFB96 = {
						CreatedOnToolsVersion = 26.0.1;
						TestTargetID = 064B8C612EA179FF006BFB96;
					};
					064B8C772EA17A00006BFB96 = {
						CreatedOnToolsVersion = 26.0.1;
						TestTargetID = 064B8C612EA179FF006BFB96;
					};
					064B8C902EA17A67006BFB96 = {
						CreatedOnToolsVersion = 26.0.1;
					};
					064B8CA42EA17A83006BFB96 = {
						CreatedOnToolsVersion = 26.0.1;
					};
				};
			};
			buildConfigurationList = 064B8C462EA179C7006BFB96 /* Build configuration list for PBXProject "SC40-V3-Rebuild" */;
			developmentRegion = en;
			hasScannedForEncodings = 0;
			knownRegions = (
				en,
				Base,
			);
			mainGroup = 064B8C422EA179C7006BFB96;
			minimizedProjectReferenceProxies = 1;
			preferredProjectObjectVersion = 77;
			productRefGroup = 064B8C4C2EA179C7006BFB96 /* Products */;
			projectDirPath = "";
			projectRoot = "";
			targets = (
				064B8C4A2EA179C7006BFB96 /* SC40-V3-Rebuild */,
				064B8C612EA179FF006BFB96 /* SC40-V3-W Watch App */,
				064B8C6D2EA17A00006BFB96 /* SC40-V3-W Watch AppTests */,
				064B8C772EA17A00006BFB96 /* SC40-V3-W Watch AppUITests */,
				064B8C902EA17A67006BFB96 /* SC40-V3-I */,
				064B8CA42EA17A83006BFB96 /* SC40-V3-N */,
			);
		};
/* End PBXProject section */

/* Begin PBXResourcesBuildPhase section */
		064B8C492EA179C7006BFB96 /* Resources */ = {
			isa = PBXResourcesBuildPhase;
			buildActionMask = 2147483647;
			files = (
			);
			runOnlyForDeploymentPostprocessing = 0;
		};
		064B8C602EA179FF006BFB96 /* Resources */ = {
			isa = PBXResourcesBuildPhase;
			buildActionMask = 2147483647;
			files = (
			);
			runOnlyForDeploymentPostprocessing = 0;
		};
		064B8C6C2EA17A00006BFB96 /* Resources */ = {
			isa = PBXResourcesBuildPhase;
			buildActionMask = 2147483647;
			files = (
			);
			runOnlyForDeploymentPostprocessing = 0;
		};
		064B8C762EA17A00006BFB96 /* Resources */ = {
			isa = PBXResourcesBuildPhase;
			buildActionMask = 2147483647;
			files = (
			);
			runOnlyForDeploymentPostprocessing = 0;
		};
		064B8C8F2EA17A67006BFB96 /* Resources */ = {
			isa = PBXResourcesBuildPhase;
			buildActionMask = 2147483647;
			files = (
			);
			runOnlyForDeploymentPostprocessing = 0;
		};
		064B8CA32EA17A83006BFB96 /* Resources */ = {
			isa = PBXResourcesBuildPhase;
			buildActionMask = 2147483647;
			files = (
			);
			runOnlyForDeploymentPostprocessing = 0;
		};
/* End PBXResourcesBuildPhase section */

/* Begin PBXSourcesBuildPhase section */
		064B8C472EA179C7006BFB96 /* Sources */ = {
			isa = PBXSourcesBuildPhase;
			buildActionMask = 2147483647;
			files = (
			);
			runOnlyForDeploymentPostprocessing = 0;
		};
		064B8C5E2EA179FF006BFB96 /* Sources */ = {
			isa = PBXSourcesBuildPhase;
			buildActionMask = 2147483647;
			files = (
			);
			runOnlyForDeploymentPostprocessing = 0;
		};
		064B8C6A2EA17A00006BFB96 /* Sources */ = {
			isa = PBXSourcesBuildPhase;
			buildActionMask = 2147483647;
			files = (
			);
			runOnlyForDeploymentPostprocessing = 0;
		};
		064B8C742EA17A00006BFB96 /* Sources */ = {
			isa = PBXSourcesBuildPhase;
			buildActionMask = 2147483647;
			files = (
			);
			runOnlyForDeploymentPostprocessing = 0;
		};
		064B8C8D2EA17A67006BFB96 /* Sources */ = {
			isa = PBXSourcesBuildPhase;
			buildActionMask = 2147483647;
			files = (
			);
			runOnlyForDeploymentPostprocessing = 0;
		};
		064B8CA12EA17A83006BFB96 /* Sources */ = {
			isa = PBXSourcesBuildPhase;
			buildActionMask = 2147483647;
			files = (
			);
			runOnlyForDeploymentPostprocessing = 0;
		};
/* End PBXSourcesBuildPhase section */

/* Begin PBXTargetDependency section */
		064B8C702EA17A00006BFB96 /* PBXTargetDependency */ = {
			isa = PBXTargetDependency;
			target = 064B8C612EA179FF006BFB96 /* SC40-V3-W Watch App */;
			targetProxy = 064B8C6F2EA17A00006BFB96 /* PBXContainerItemProxy */;
		};
		064B8C7A2EA17A00006BFB96 /* PBXTargetDependency */ = {
			isa = PBXTargetDependency;
			target = 064B8C612EA179FF006BFB96 /* SC40-V3-W Watch App */;
			targetProxy = 064B8C792EA17A00006BFB96 /* PBXContainerItemProxy */;
		};
		064B8C812EA17A00006BFB96 /* PBXTargetDependency */ = {
			isa = PBXTargetDependency;
			target = 064B8C612EA179FF006BFB96 /* SC40-V3-W Watch App */;
			targetProxy = 064B8C802EA17A00006BFB96 /* PBXContainerItemProxy */;
		};
		064B8C9A2EA17A67006BFB96 /* PBXTargetDependency */ = {
			isa = PBXTargetDependency;
			target = 064B8C902EA17A67006BFB96 /* SC40-V3-I */;
			targetProxy = 064B8C992EA17A67006BFB96 /* PBXContainerItemProxy */;
		};
		064B8CAB2EA17A83006BFB96 /* PBXTargetDependency */ = {
			isa = PBXTargetDependency;
			target = 064B8CA42EA17A83006BFB96 /* SC40-V3-N */;
			targetProxy = 064B8CAA2EA17A83006BFB96 /* PBXContainerItemProxy */;
		};
/* End PBXTargetDependency section */

/* Begin XCBuildConfiguration section */
		064B8C5A2EA179C8006BFB96 /* Debug */ = {
			isa = XCBuildConfiguration;
			buildSettings = {
				ASSETCATALOG_COMPILER_APPICON_NAME = AppIcon;
				ASSETCATALOG_COMPILER_GLOBAL_ACCENT_COLOR_NAME = AccentColor;
				CODE_SIGN_ENTITLEMENTS = "SC40-V3-Rebuild/SC40_V3_Rebuild.entitlements";
				CODE_SIGN_STYLE = Automatic;
				CURRENT_PROJECT_VERSION = 1;
				DEVELOPMENT_TEAM = H65MV3U65H;
				ENABLE_PREVIEWS = YES;
				GENERATE_INFOPLIST_FILE = YES;
				INFOPLIST_FILE = "SC40-V3-Rebuild/Info.plist";
				INFOPLIST_KEY_UIApplicationSceneManifest_Generation = YES;
				INFOPLIST_KEY_UIApplicationSupportsIndirectInputEvents = YES;
				INFOPLIST_KEY_UILaunchScreen_Generation = YES;
				INFOPLIST_KEY_UISupportedInterfaceOrientations_iPad = "UIInterfaceOrientationPortrait UIInterfaceOrientationPortraitUpsideDown UIInterfaceOrientationLandscapeLeft UIInterfaceOrientationLandscapeRight";
				INFOPLIST_KEY_UISupportedInterfaceOrientations_iPhone = "UIInterfaceOrientationPortrait UIInterfaceOrientationLandscapeLeft UIInterfaceOrientationLandscapeRight";
				LD_RUNPATH_SEARCH_PATHS = (
					"$(inherited)",
					"@executable_path/Frameworks",
				);
				MARKETING_VERSION = 1.0;
				PRODUCT_BUNDLE_IDENTIFIER = "Acclerate.SC40-V3-Rebuild";
				PRODUCT_NAME = "$(TARGET_NAME)";
				STRING_CATALOG_GENERATE_SYMBOLS = YES;
				SWIFT_APPROACHABLE_CONCURRENCY = YES;
				SWIFT_DEFAULT_ACTOR_ISOLATION = MainActor;
				SWIFT_EMIT_LOC_STRINGS = YES;
				SWIFT_UPCOMING_FEATURE_MEMBER_IMPORT_VISIBILITY = YES;
				SWIFT_VERSION = 5.0;
				TARGETED_DEVICE_FAMILY = "1,2";
			};
			name = Debug;
		};
		064B8C5B2EA179C8006BFB96 /* Release */ = {
			isa = XCBuildConfiguration;
			buildSettings = {
				ASSETCATALOG_COMPILER_APPICON_NAME = AppIcon;
				ASSETCATALOG_COMPILER_GLOBAL_ACCENT_COLOR_NAME = AccentColor;
				CODE_SIGN_ENTITLEMENTS = "SC40-V3-Rebuild/SC40_V3_Rebuild.entitlements";
				CODE_SIGN_STYLE = Automatic;
				CURRENT_PROJECT_VERSION = 1;
				DEVELOPMENT_TEAM = H65MV3U65H;
				ENABLE_PREVIEWS = YES;
				GENERATE_INFOPLIST_FILE = YES;
				INFOPLIST_FILE = "SC40-V3-Rebuild/Info.plist";
				INFOPLIST_KEY_UIApplicationSceneManifest_Generation = YES;
				INFOPLIST_KEY_UIApplicationSupportsIndirectInputEvents = YES;
				INFOPLIST_KEY_UILaunchScreen_Generation = YES;
				INFOPLIST_KEY_UISupportedInterfaceOrientations_iPad = "UIInterfaceOrientationPortrait UIInterfaceOrientationPortraitUpsideDown UIInterfaceOrientationLandscapeLeft UIInterfaceOrientationLandscapeRight";
				INFOPLIST_KEY_UISupportedInterfaceOrientations_iPhone = "UIInterfaceOrientationPortrait UIInterfaceOrientationLandscapeLeft UIInterfaceOrientationLandscapeRight";
				LD_RUNPATH_SEARCH_PATHS = (
					"$(inherited)",
					"@executable_path/Frameworks",
				);
				MARKETING_VERSION = 1.0;
				PRODUCT_BUNDLE_IDENTIFIER = "Acclerate.SC40-V3-Rebuild";
				PRODUCT_NAME = "$(TARGET_NAME)";
				STRING_CATALOG_GENERATE_SYMBOLS = YES;
				SWIFT_APPROACHABLE_CONCURRENCY = YES;
				SWIFT_DEFAULT_ACTOR_ISOLATION = MainActor;
				SWIFT_EMIT_LOC_STRINGS = YES;
				SWIFT_UPCOMING_FEATURE_MEMBER_IMPORT_VISIBILITY = YES;
				SWIFT_VERSION = 5.0;
				TARGETED_DEVICE_FAMILY = "1,2";
			};
			name = Release;
		};
		064B8C5C2EA179C8006BFB96 /* Debug */ = {
			isa = XCBuildConfiguration;
			buildSettings = {
				ALWAYS_SEARCH_USER_PATHS = NO;
				ASSETCATALOG_COMPILER_GENERATE_SWIFT_ASSET_SYMBOL_EXTENSIONS = YES;
				CLANG_ANALYZER_NONNULL = YES;
				CLANG_ANALYZER_NUMBER_OBJECT_CONVERSION = YES_AGGRESSIVE;
				CLANG_CXX_LANGUAGE_STANDARD = "gnu++20";
				CLANG_ENABLE_MODULES = YES;
				CLANG_ENABLE_OBJC_ARC = YES;
				CLANG_ENABLE_OBJC_WEAK = YES;
				CLANG_WARN_BLOCK_CAPTURE_AUTORELEASING = YES;
				CLANG_WARN_BOOL_CONVERSION = YES;
				CLANG_WARN_COMMA = YES;
				CLANG_WARN_CONSTANT_CONVERSION = YES;
				CLANG_WARN_DEPRECATED_OBJC_IMPLEMENTATIONS = YES;
				CLANG_WARN_DIRECT_OBJC_ISA_USAGE = YES_ERROR;
				CLANG_WARN_DOCUMENTATION_COMMENTS = YES;
				CLANG_WARN_EMPTY_BODY = YES;
				CLANG_WARN_ENUM_CONVERSION = YES;
				CLANG_WARN_INFINITE_RECURSION = YES;
				CLANG_WARN_INT_CONVERSION = YES;
				CLANG_WARN_NON_LITERAL_NULL_CONVERSION = YES;
				CLANG_WARN_OBJC_IMPLICIT_RETAIN_SELF = YES;
				CLANG_WARN_OBJC_LITERAL_CONVERSION = YES;
				CLANG_WARN_OBJC_ROOT_CLASS = YES_ERROR;
				CLANG_WARN_QUOTED_INCLUDE_IN_FRAMEWORK_HEADER = YES;
				CLANG_WARN_RANGE_LOOP_ANALYSIS = YES;
				CLANG_WARN_STRICT_PROTOTYPES = YES;
				CLANG_WARN_SUSPICIOUS_MOVE = YES;
				CLANG_WARN_UNGUARDED_AVAILABILITY = YES_AGGRESSIVE;
				CLANG_WARN_UNREACHABLE_CODE = YES;
				CLANG_WARN__DUPLICATE_METHOD_MATCH = YES;
				COPY_PHASE_STRIP = NO;
				DEBUG_INFORMATION_FORMAT = dwarf;
				ENABLE_STRICT_OBJC_MSGSEND = YES;
				ENABLE_TESTABILITY = YES;
				ENABLE_USER_SCRIPT_SANDBOXING = YES;
				GCC_C_LANGUAGE_STANDARD = gnu17;
				GCC_DYNAMIC_NO_PIC = NO;
				GCC_NO_COMMON_BLOCKS = YES;
				GCC_OPTIMIZATION_LEVEL = 0;
				GCC_PREPROCESSOR_DEFINITIONS = (
					"DEBUG=1",
					"$(inherited)",
				);
				GCC_WARN_64_TO_32_BIT_CONVERSION = YES;
				GCC_WARN_ABOUT_RETURN_TYPE = YES_ERROR;
				GCC_WARN_UNDECLARED_SELECTOR = YES;
				GCC_WARN_UNINITIALIZED_AUTOS = YES_AGGRESSIVE;
				GCC_WARN_UNUSED_FUNCTION = YES;
				GCC_WARN_UNUSED_VARIABLE = YES;
				IPHONEOS_DEPLOYMENT_TARGET = 26.0;
				LOCALIZATION_PREFERS_STRING_CATALOGS = YES;
				MTL_ENABLE_DEBUG_INFO = INCLUDE_SOURCE;
				MTL_FAST_MATH = YES;
				ONLY_ACTIVE_ARCH = YES;
				SDKROOT = iphoneos;
				SWIFT_ACTIVE_COMPILATION_CONDITIONS = "DEBUG $(inherited)";
				SWIFT_OPTIMIZATION_LEVEL = "-Onone";
			};
			name = Debug;
		};
		064B8C5D2EA179C8006BFB96 /* Release */ = {
			isa = XCBuildConfiguration;
			buildSettings = {
				ALWAYS_SEARCH_USER_PATHS = NO;
				ASSETCATALOG_COMPILER_GENERATE_SWIFT_ASSET_SYMBOL_EXTENSIONS = YES;
				CLANG_ANALYZER_NONNULL = YES;
				CLANG_ANALYZER_NUMBER_OBJECT_CONVERSION = YES_AGGRESSIVE;
				CLANG_CXX_LANGUAGE_STANDARD = "gnu++20";
				CLANG_ENABLE_MODULES = YES;
				CLANG_ENABLE_OBJC_ARC = YES;
				CLANG_ENABLE_OBJC_WEAK = YES;
				CLANG_WARN_BLOCK_CAPTURE_AUTORELEASING = YES;
				CLANG_WARN_BOOL_CONVERSION = YES;
				CLANG_WARN_COMMA = YES;
				CLANG_WARN_CONSTANT_CONVERSION = YES;
				CLANG_WARN_DEPRECATED_OBJC_IMPLEMENTATIONS = YES;
				CLANG_WARN_DIRECT_OBJC_ISA_USAGE = YES_ERROR;
				CLANG_WARN_DOCUMENTATION_COMMENTS = YES;
				CLANG_WARN_EMPTY_BODY = YES;
				CLANG_WARN_ENUM_CONVERSION = YES;
				CLANG_WARN_INFINITE_RECURSION = YES;
				CLANG_WARN_INT_CONVERSION = YES;
				CLANG_WARN_NON_LITERAL_NULL_CONVERSION = YES;
				CLANG_WARN_OBJC_IMPLICIT_RETAIN_SELF = YES;
				CLANG_WARN_OBJC_LITERAL_CONVERSION = YES;
				CLANG_WARN_OBJC_ROOT_CLASS = YES_ERROR;
				CLANG_WARN_QUOTED_INCLUDE_IN_FRAMEWORK_HEADER = YES;
				CLANG_WARN_RANGE_LOOP_ANALYSIS = YES;
				CLANG_WARN_STRICT_PROTOTYPES = YES;
				CLANG_WARN_SUSPICIOUS_MOVE = YES;
				CLANG_WARN_UNGUARDED_AVAILABILITY = YES_AGGRESSIVE;
				CLANG_WARN_UNREACHABLE_CODE = YES;
				CLANG_WARN__DUPLICATE_METHOD_MATCH = YES;
				COPY_PHASE_STRIP = NO;
				DEBUG_INFORMATION_FORMAT = "dwarf-with-dsym";
				ENABLE_NS_ASSERTIONS = NO;
				ENABLE_STRICT_OBJC_MSGSEND = YES;
				ENABLE_USER_SCRIPT_SANDBOXING = YES;
				GCC_C_LANGUAGE_STANDARD = gnu17;
				GCC_NO_COMMON_BLOCKS = YES;
				GCC_WARN_64_TO_32_BIT_CONVERSION = YES;
				GCC_WARN_ABOUT_RETURN_TYPE = YES_ERROR;
				GCC_WARN_UNDECLARED_SELECTOR = YES;
				GCC_WARN_UNINITIALIZED_AUTOS = YES_AGGRESSIVE;
				GCC_WARN_UNUSED_FUNCTION = YES;
				GCC_WARN_UNUSED_VARIABLE = YES;
				IPHONEOS_DEPLOYMENT_TARGET = 26.0;
				LOCALIZATION_PREFERS_STRING_CATALOGS = YES;
				MTL_ENABLE_DEBUG_INFO = NO;
				MTL_FAST_MATH = YES;
				SDKROOT = iphoneos;
				SWIFT_COMPILATION_MODE = wholemodule;
				VALIDATE_PRODUCT = YES;
			};
			name = Release;
		};
		064B8C842EA17A00006BFB96 /* Debug */ = {
			isa = XCBuildConfiguration;
			buildSettings = {
				ASSETCATALOG_COMPILER_APPICON_NAME = AppIcon;
				ASSETCATALOG_COMPILER_GLOBAL_ACCENT_COLOR_NAME = AccentColor;
				CODE_SIGN_STYLE = Automatic;
				CURRENT_PROJECT_VERSION = 1;
				DEVELOPMENT_TEAM = H65MV3U65H;
				ENABLE_PREVIEWS = YES;
				GENERATE_INFOPLIST_FILE = YES;
				INFOPLIST_KEY_CFBundleDisplayName = "SC40-V3-W";
				INFOPLIST_KEY_UISupportedInterfaceOrientations = "UIInterfaceOrientationPortrait UIInterfaceOrientationPortraitUpsideDown";
				INFOPLIST_KEY_WKCompanionAppBundleIdentifier = "Acclerate.SC40-V3-Rebuild";
				LD_RUNPATH_SEARCH_PATHS = (
					"$(inherited)",
					"@executable_path/Frameworks",
				);
				MARKETING_VERSION = 1.0;
				PRODUCT_BUNDLE_IDENTIFIER = "Acclerate.SC40-V3-Rebuild.watchkitapp";
				PRODUCT_NAME = "$(TARGET_NAME)";
				SDKROOT = watchos;
				SKIP_INSTALL = YES;
				STRING_CATALOG_GENERATE_SYMBOLS = YES;
				SWIFT_APPROACHABLE_CONCURRENCY = YES;
				SWIFT_DEFAULT_ACTOR_ISOLATION = MainActor;
				SWIFT_EMIT_LOC_STRINGS = YES;
				SWIFT_UPCOMING_FEATURE_MEMBER_IMPORT_VISIBILITY = YES;
				SWIFT_VERSION = 5.0;
				TARGETED_DEVICE_FAMILY = 4;
				WATCHOS_DEPLOYMENT_TARGET = 26.0;
			};
			name = Debug;
		};
		064B8C852EA17A00006BFB96 /* Release */ = {
			isa = XCBuildConfiguration;
			buildSettings = {
				ASSETCATALOG_COMPILER_APPICON_NAME = AppIcon;
				ASSETCATALOG_COMPILER_GLOBAL_ACCENT_COLOR_NAME = AccentColor;
				CODE_SIGN_STYLE = Automatic;
				CURRENT_PROJECT_VERSION = 1;
				DEVELOPMENT_TEAM = H65MV3U65H;
				ENABLE_PREVIEWS = YES;
				GENERATE_INFOPLIST_FILE = YES;
				INFOPLIST_KEY_CFBundleDisplayName = "SC40-V3-W";
				INFOPLIST_KEY_UISupportedInterfaceOrientations = "UIInterfaceOrientationPortrait UIInterfaceOrientationPortraitUpsideDown";
				INFOPLIST_KEY_WKCompanionAppBundleIdentifier = "Acclerate.SC40-V3-Rebuild";
				LD_RUNPATH_SEARCH_PATHS = (
					"$(inherited)",
					"@executable_path/Frameworks",
				);
				MARKETING_VERSION = 1.0;
				PRODUCT_BUNDLE_IDENTIFIER = "Acclerate.SC40-V3-Rebuild.watchkitapp";
				PRODUCT_NAME = "$(TARGET_NAME)";
				SDKROOT = watchos;
				SKIP_INSTALL = YES;
				STRING_CATALOG_GENERATE_SYMBOLS = YES;
				SWIFT_APPROACHABLE_CONCURRENCY = YES;
				SWIFT_DEFAULT_ACTOR_ISOLATION = MainActor;
				SWIFT_EMIT_LOC_STRINGS = YES;
				SWIFT_UPCOMING_FEATURE_MEMBER_IMPORT_VISIBILITY = YES;
				SWIFT_VERSION = 5.0;
				TARGETED_DEVICE_FAMILY = 4;
				WATCHOS_DEPLOYMENT_TARGET = 26.0;
			};
			name = Release;
		};
		064B8C882EA17A00006BFB96 /* Debug */ = {
			isa = XCBuildConfiguration;
			buildSettings = {
				BUNDLE_LOADER = "$(TEST_HOST)";
				CODE_SIGN_STYLE = Automatic;
				CURRENT_PROJECT_VERSION = 1;
				DEVELOPMENT_TEAM = H65MV3U65H;
				GENERATE_INFOPLIST_FILE = YES;
				MARKETING_VERSION = 1.0;
				PRODUCT_BUNDLE_IDENTIFIER = "Acclerate.SC40-V3-Rebuild.watchkitapp.SC40-V3-W-Watch-AppTests";
				PRODUCT_NAME = "$(TARGET_NAME)";
				SDKROOT = watchos;
				STRING_CATALOG_GENERATE_SYMBOLS = NO;
				SWIFT_APPROACHABLE_CONCURRENCY = YES;
				SWIFT_EMIT_LOC_STRINGS = NO;
				SWIFT_UPCOMING_FEATURE_MEMBER_IMPORT_VISIBILITY = YES;
				SWIFT_VERSION = 5.0;
				TARGETED_DEVICE_FAMILY = 4;
				TEST_HOST = "$(BUILT_PRODUCTS_DIR)/SC40-V3-W Watch App.app/$(BUNDLE_EXECUTABLE_FOLDER_PATH)/SC40-V3-W Watch App";
				WATCHOS_DEPLOYMENT_TARGET = 26.0;
			};
			name = Debug;
		};
		064B8C892EA17A00006BFB96 /* Release */ = {
			isa = XCBuildConfiguration;
			buildSettings = {
				BUNDLE_LOADER = "$(TEST_HOST)";
				CODE_SIGN_STYLE = Automatic;
				CURRENT_PROJECT_VERSION = 1;
				DEVELOPMENT_TEAM = H65MV3U65H;
				GENERATE_INFOPLIST_FILE = YES;
				MARKETING_VERSION = 1.0;
				PRODUCT_BUNDLE_IDENTIFIER = "Acclerate.SC40-V3-Rebuild.watchkitapp.SC40-V3-W-Watch-AppTests";
				PRODUCT_NAME = "$(TARGET_NAME)";
				SDKROOT = watchos;
				STRING_CATALOG_GENERATE_SYMBOLS = NO;
				SWIFT_APPROACHABLE_CONCURRENCY = YES;
				SWIFT_EMIT_LOC_STRINGS = NO;
				SWIFT_UPCOMING_FEATURE_MEMBER_IMPORT_VISIBILITY = YES;
				SWIFT_VERSION = 5.0;
				TARGETED_DEVICE_FAMILY = 4;
				TEST_HOST = "$(BUILT_PRODUCTS_DIR)/SC40-V3-W Watch App.app/$(BUNDLE_EXECUTABLE_FOLDER_PATH)/SC40-V3-W Watch App";
				WATCHOS_DEPLOYMENT_TARGET = 26.0;
			};
			name = Release;
		};
		064B8C8B2EA17A00006BFB96 /* Debug */ = {
			isa = XCBuildConfiguration;
			buildSettings = {
				CODE_SIGN_STYLE = Automatic;
				CURRENT_PROJECT_VERSION = 1;
				DEVELOPMENT_TEAM = H65MV3U65H;
				GENERATE_INFOPLIST_FILE = YES;
				MARKETING_VERSION = 1.0;
				PRODUCT_BUNDLE_IDENTIFIER = "Acclerate.SC40-V3-Rebuild.watchkitapp.SC40-V3-W-Watch-AppUITests";
				PRODUCT_NAME = "$(TARGET_NAME)";
				SDKROOT = watchos;
				STRING_CATALOG_GENERATE_SYMBOLS = NO;
				SWIFT_APPROACHABLE_CONCURRENCY = YES;
				SWIFT_EMIT_LOC_STRINGS = NO;
				SWIFT_UPCOMING_FEATURE_MEMBER_IMPORT_VISIBILITY = YES;
				SWIFT_VERSION = 5.0;
				TARGETED_DEVICE_FAMILY = 4;
				TEST_TARGET_NAME = "SC40-V3-W Watch App";
				WATCHOS_DEPLOYMENT_TARGET = 26.0;
			};
			name = Debug;
		};
		064B8C8C2EA17A00006BFB96 /* Release */ = {
			isa = XCBuildConfiguration;
			buildSettings = {
				CODE_SIGN_STYLE = Automatic;
				CURRENT_PROJECT_VERSION = 1;
				DEVELOPMENT_TEAM = H65MV3U65H;
				GENERATE_INFOPLIST_FILE = YES;
				MARKETING_VERSION = 1.0;
				PRODUCT_BUNDLE_IDENTIFIER = "Acclerate.SC40-V3-Rebuild.watchkitapp.SC40-V3-W-Watch-AppUITests";
				PRODUCT_NAME = "$(TARGET_NAME)";
				SDKROOT = watchos;
				STRING_CATALOG_GENERATE_SYMBOLS = NO;
				SWIFT_APPROACHABLE_CONCURRENCY = YES;
				SWIFT_EMIT_LOC_STRINGS = NO;
				SWIFT_UPCOMING_FEATURE_MEMBER_IMPORT_VISIBILITY = YES;
				SWIFT_VERSION = 5.0;
				TARGETED_DEVICE_FAMILY = 4;
				TEST_TARGET_NAME = "SC40-V3-W Watch App";
				WATCHOS_DEPLOYMENT_TARGET = 26.0;
			};
			name = Release;
		};
		064B8C9D2EA17A67006BFB96 /* Debug */ = {
			isa = XCBuildConfiguration;
			buildSettings = {
				CODE_SIGN_STYLE = Automatic;
				CURRENT_PROJECT_VERSION = 1;
				DEVELOPMENT_TEAM = H65MV3U65H;
				GENERATE_INFOPLIST_FILE = YES;
				INFOPLIST_FILE = "SC40-V3-I/Info.plist";
				INFOPLIST_KEY_CFBundleDisplayName = "SC40-V3-I";
				INFOPLIST_KEY_NSHumanReadableCopyright = "";
				LD_RUNPATH_SEARCH_PATHS = (
					"$(inherited)",
					"@executable_path/Frameworks",
					"@executable_path/../../Frameworks",
					"@executable_path/../../../../Frameworks",
				);
				MARKETING_VERSION = 1.0;
				PRODUCT_BUNDLE_IDENTIFIER = "Acclerate.SC40-V3-Rebuild.watchkitapp.SC40-V3-I";
				PRODUCT_NAME = "$(TARGET_NAME)";
				SDKROOT = watchos;
				SKIP_INSTALL = YES;
				STRING_CATALOG_GENERATE_SYMBOLS = YES;
				SWIFT_APPROACHABLE_CONCURRENCY = YES;
				SWIFT_EMIT_LOC_STRINGS = YES;
				SWIFT_UPCOMING_FEATURE_MEMBER_IMPORT_VISIBILITY = YES;
				SWIFT_VERSION = 5.0;
				TARGETED_DEVICE_FAMILY = 4;
				WATCHOS_DEPLOYMENT_TARGET = 26.0;
			};
			name = Debug;
		};
		064B8C9E2EA17A67006BFB96 /* Release */ = {
			isa = XCBuildConfiguration;
			buildSettings = {
				CODE_SIGN_STYLE = Automatic;
				CURRENT_PROJECT_VERSION = 1;
				DEVELOPMENT_TEAM = H65MV3U65H;
				GENERATE_INFOPLIST_FILE = YES;
				INFOPLIST_FILE = "SC40-V3-I/Info.plist";
				INFOPLIST_KEY_CFBundleDisplayName = "SC40-V3-I";
				INFOPLIST_KEY_NSHumanReadableCopyright = "";
				LD_RUNPATH_SEARCH_PATHS = (
					"$(inherited)",
					"@executable_path/Frameworks",
					"@executable_path/../../Frameworks",
					"@executable_path/../../../../Frameworks",
				);
				MARKETING_VERSION = 1.0;
				PRODUCT_BUNDLE_IDENTIFIER = "Acclerate.SC40-V3-Rebuild.watchkitapp.SC40-V3-I";
				PRODUCT_NAME = "$(TARGET_NAME)";
				SDKROOT = watchos;
				SKIP_INSTALL = YES;
				STRING_CATALOG_GENERATE_SYMBOLS = YES;
				SWIFT_APPROACHABLE_CONCURRENCY = YES;
				SWIFT_EMIT_LOC_STRINGS = YES;
				SWIFT_UPCOMING_FEATURE_MEMBER_IMPORT_VISIBILITY = YES;
				SWIFT_VERSION = 5.0;
				TARGETED_DEVICE_FAMILY = 4;
				WATCHOS_DEPLOYMENT_TARGET = 26.0;
			};
			name = Release;
		};
		064B8CAE2EA17A83006BFB96 /* Debug */ = {
			isa = XCBuildConfiguration;
			buildSettings = {
				CODE_SIGN_STYLE = Automatic;
				CURRENT_PROJECT_VERSION = 1;
				DEVELOPMENT_TEAM = H65MV3U65H;
				GENERATE_INFOPLIST_FILE = YES;
				INFOPLIST_FILE = "SC40-V3-N/Info.plist";
				INFOPLIST_KEY_CFBundleDisplayName = "SC40-V3-N";
				INFOPLIST_KEY_NSHumanReadableCopyright = "";
				LD_RUNPATH_SEARCH_PATHS = (
					"$(inherited)",
					"@executable_path/Frameworks",
					"@executable_path/../../Frameworks",
					"@executable_path/../../../../Frameworks",
				);
				MARKETING_VERSION = 1.0;
				PRODUCT_BUNDLE_IDENTIFIER = "Acclerate.SC40-V3-Rebuild.watchkitapp.SC40-V3-N";
				PRODUCT_NAME = "$(TARGET_NAME)";
				SDKROOT = watchos;
				SKIP_INSTALL = YES;
				STRING_CATALOG_GENERATE_SYMBOLS = YES;
				SWIFT_APPROACHABLE_CONCURRENCY = YES;
				SWIFT_EMIT_LOC_STRINGS = YES;
				SWIFT_UPCOMING_FEATURE_MEMBER_IMPORT_VISIBILITY = YES;
				SWIFT_VERSION = 5.0;
				TARGETED_DEVICE_FAMILY = 4;
				WATCHOS_DEPLOYMENT_TARGET = 26.0;
			};
			name = Debug;
		};
		064B8CAF2EA17A83006BFB96 /* Release */ = {
			isa = XCBuildConfiguration;
			buildSettings = {
				CODE_SIGN_STYLE = Automatic;
				CURRENT_PROJECT_VERSION = 1;
				DEVELOPMENT_TEAM = H65MV3U65H;
				GENERATE_INFOPLIST_FILE = YES;
				INFOPLIST_FILE = "SC40-V3-N/Info.plist";
				INFOPLIST_KEY_CFBundleDisplayName = "SC40-V3-N";
				INFOPLIST_KEY_NSHumanReadableCopyright = "";
				LD_RUNPATH_SEARCH_PATHS = (
					"$(inherited)",
					"@executable_path/Frameworks",
					"@executable_path/../../Frameworks",
					"@executable_path/../../../../Frameworks",
				);
				MARKETING_VERSION = 1.0;
				PRODUCT_BUNDLE_IDENTIFIER = "Acclerate.SC40-V3-Rebuild.watchkitapp.SC40-V3-N";
				PRODUCT_NAME = "$(TARGET_NAME)";
				SDKROOT = watchos;
				SKIP_INSTALL = YES;
				STRING_CATALOG_GENERATE_SYMBOLS = YES;
				SWIFT_APPROACHABLE_CONCURRENCY = YES;
				SWIFT_EMIT_LOC_STRINGS = YES;
				SWIFT_UPCOMING_FEATURE_MEMBER_IMPORT_VISIBILITY = YES;
				SWIFT_VERSION = 5.0;
				TARGETED_DEVICE_FAMILY = 4;
				WATCHOS_DEPLOYMENT_TARGET = 26.0;
			};
			name = Release;
		};
/* End XCBuildConfiguration section */

/* Begin XCConfigurationList section */
		064B8C462EA179C7006BFB96 /* Build configuration list for PBXProject "SC40-V3-Rebuild" */ = {
			isa = XCConfigurationList;
			buildConfigurations = (
				064B8C5C2EA179C8006BFB96 /* Debug */,
				064B8C5D2EA179C8006BFB96 /* Release */,
			);
			defaultConfigurationIsVisible = 0;
			defaultConfigurationName = Release;
		};
		064B8C592EA179C8006BFB96 /* Build configuration list for PBXNativeTarget "SC40-V3-Rebuild" */ = {
			isa = XCConfigurationList;
			buildConfigurations = (
				064B8C5A2EA179C8006BFB96 /* Debug */,
				064B8C5B2EA179C8006BFB96 /* Release */,
			);
			defaultConfigurationIsVisible = 0;
			defaultConfigurationName = Release;
		};
		064B8C832EA17A00006BFB96 /* Build configuration list for PBXNativeTarget "SC40-V3-W Watch App" */ = {
			isa = XCConfigurationList;
			buildConfigurations = (
				064B8C842EA17A00006BFB96 /* Debug */,
				064B8C852EA17A00006BFB96 /* Release */,
			);
			defaultConfigurationIsVisible = 0;
			defaultConfigurationName = Release;
		};
		064B8C872EA17A00006BFB96 /* Build configuration list for PBXNativeTarget "SC40-V3-W Watch AppTests" */ = {
			isa = XCConfigurationList;
			buildConfigurations = (
				064B8C882EA17A00006BFB96 /* Debug */,
				064B8C892EA17A00006BFB96 /* Release */,
			);
			defaultConfigurationIsVisible = 0;
			defaultConfigurationName = Release;
		};
		064B8C8A2EA17A00006BFB96 /* Build configuration list for PBXNativeTarget "SC40-V3-W Watch AppUITests" */ = {
			isa = XCConfigurationList;
			buildConfigurations = (
				064B8C8B2EA17A00006BFB96 /* Debug */,
				064B8C8C2EA17A00006BFB96 /* Release */,
			);
			defaultConfigurationIsVisible = 0;
			defaultConfigurationName = Release;
		};
		064B8C9C2EA17A67006BFB96 /* Build configuration list for PBXNativeTarget "SC40-V3-I" */ = {
			isa = XCConfigurationList;
			buildConfigurations = (
				064B8C9D2EA17A67006BFB96 /* Debug */,
				064B8C9E2EA17A67006BFB96 /* Release */,
			);
			defaultConfigurationIsVisible = 0;
			defaultConfigurationName = Release;
		};
		064B8CAD2EA17A83006BFB96 /* Build configuration list for PBXNativeTarget "SC40-V3-N" */ = {
			isa = XCConfigurationList;
			buildConfigurations = (
				064B8CAE2EA17A83006BFB96 /* Debug */,
				064B8CAF2EA17A83006BFB96 /* Release */,
			);
			defaultConfigurationIsVisible = 0;
			defaultConfigurationName = Release;
		};
/* End XCConfigurationList section */
	};
	rootObject = 064B8C432EA179C7006BFB96 /* Project object */;
}
